
Microsoft Visual Studio Solution File, Format Version 12.00
# Visual Studio Version 17
VisualStudioVersion = 17.5.002.0
MinimumVisualStudioVersion = 10.0.40219.1
Project("{9A19103F-16F7-4668-BE54-9A1E7A4F7556}") = "Aula03", "Aula03.csproj", "{5D3F9E4C-F0E0-4512-AE82-BE1AD679CD12}"
EndProject
Global
	GlobalSection(SolutionConfigurationPlatforms) = preSolution
		Debug|Any CPU = Debug|Any CPU
		Release|Any CPU = Release|Any CPU
	EndGlobalSection
	GlobalSection(ProjectConfigurationPlatforms) = postSolution
		{5D3F9E4C-F0E0-4512-AE82-BE1AD679CD12}.Debug|Any CPU.ActiveCfg = Debug|Any CPU
		{5D3F9E4C-F0E0-4512-AE82-BE1AD679CD12}.Debug|Any CPU.Build.0 = Debug|Any CPU
		{5D3F9E4C-F0E0-4512-AE82-BE1AD679CD12}.Release|Any CPU.ActiveCfg = Release|Any CPU
		{5D3F9E4C-F0E0-4512-AE82-BE1AD679CD12}.Release|Any CPU.Build.0 = Release|Any CPU
	EndGlobalSection
	GlobalSection(SolutionProperties) = preSolution
		HideSolutionNode = FALSE
	EndGlobalSection
	GlobalSection(ExtensibilityGlobals) = postSolution
		SolutionGuid = {631CB323-949B-49CA-823C-7D988EE47579}
	EndGlobalSection
EndGlobal
