
Microsoft Visual Studio Solution File, Format Version 12.00
# Visual Studio Version 17
VisualStudioVersion = 17.5.002.0
MinimumVisualStudioVersion = 10.0.40219.1
Project("{9A19103F-16F7-4668-BE54-9A1E7A4F7556}") = "Tiposintegrais", "Tiposintegrais.csproj", "{B205E27D-B388-4C2A-8875-7A65F8A451F5}"
EndProject
Global
	GlobalSection(SolutionConfigurationPlatforms) = preSolution
		Debug|Any CPU = Debug|Any CPU
		Release|Any CPU = Release|Any CPU
	EndGlobalSection
	GlobalSection(ProjectConfigurationPlatforms) = postSolution
		{B205E27D-B388-4C2A-8875-7A65F8A451F5}.Debug|Any CPU.ActiveCfg = Debug|Any CPU
		{B205E27D-B388-4C2A-8875-7A65F8A451F5}.Debug|Any CPU.Build.0 = Debug|Any CPU
		{B205E27D-B388-4C2A-8875-7A65F8A451F5}.Release|Any CPU.ActiveCfg = Release|Any CPU
		{B205E27D-B388-4C2A-8875-7A65F8A451F5}.Release|Any CPU.Build.0 = Release|Any CPU
	EndGlobalSection
	GlobalSection(SolutionProperties) = preSolution
		HideSolutionNode = FALSE
	EndGlobalSection
	GlobalSection(ExtensibilityGlobals) = postSolution
		SolutionGuid = {7866F08B-5931-400D-8BF6-03543A1E97C9}
	EndGlobalSection
EndGlobal
